
Microsoft Visual Studio Solution File, Format Version 12.00
# Visual Studio Version 16
VisualStudioVersion = 16.0.31911.196
MinimumVisualStudioVersion = 10.0.40219.1
Project("{FAE04EC0-301F-11D3-BF4B-00C04F79EFBC}") = "HomeWork9", "HomeWork9\HomeWork9.csproj", "{743AE795-C0E0-451D-A48B-C5719EA28E6B}"
EndProject
Global
	GlobalSection(SolutionConfigurationPlatforms) = preSolution
		Debug|Any CPU = Debug|Any CPU
		Release|Any CPU = Release|Any CPU
	EndGlobalSection
	GlobalSection(ProjectConfigurationPlatforms) = postSolution
		{743AE795-C0E0-451D-A48B-C5719EA28E6B}.Debug|Any CPU.ActiveCfg = Debug|Any CPU
		{743AE795-C0E0-451D-A48B-C5719EA28E6B}.Debug|Any CPU.Build.0 = Debug|Any CPU
		{743AE795-C0E0-451D-A48B-C5719EA28E6B}.Release|Any CPU.ActiveCfg = Release|Any CPU
		{743AE795-C0E0-451D-A48B-C5719EA28E6B}.Release|Any CPU.Build.0 = Release|Any CPU
	EndGlobalSection
	GlobalSection(SolutionProperties) = preSolution
		HideSolutionNode = FALSE
	EndGlobalSection
	GlobalSection(ExtensibilityGlobals) = postSolution
		SolutionGuid = {590C7F7C-E47B-493E-BA4E-48EF6162567F}
	EndGlobalSection
EndGlobal
